// !$*UTF8*$!
{
	archiveVersion = 1;
	classes = {
	};
	objectVersion = 48;
	objects = {

/* Begin PBXBuildFile section */
		7F802DBE2072BFE0007FEECB /* AppDelegate.swift in Sources */ = {isa = PBXBuildFile; fileRef = 7F802DBD2072BFE0007FEECB /* AppDelegate.swift */; };
		7F802DC02072BFE0007FEECB /* ViewController.swift in Sources */ = {isa = PBXBuildFile; fileRef = 7F802DBF2072BFE0007FEECB /* ViewController.swift */; };
		7F802DC32072BFE0007FEECB /* Main.storyboard in Resources */ = {isa = PBXBuildFile; fileRef = 7F802DC12072BFE0007FEECB /* Main.storyboard */; };
		7F802DC52072BFE0007FEECB /* Assets.xcassets in Resources */ = {isa = PBXBuildFile; fileRef = 7F802DC42072BFE0007FEECB /* Assets.xcassets */; };
		7F802DC82072BFE0007FEECB /* LaunchScreen.storyboard in Resources */ = {isa = PBXBuildFile; fileRef = 7F802DC62072BFE0007FEECB /* LaunchScreen.storyboard */; };
		7F802DD32072BFE0007FEECB /* HackwichEightTests.swift in Sources */ = {isa = PBXBuildFile; fileRef = 7F802DD22072BFE0007FEECB /* HackwichEightTests.swift */; };
		7F802DDE2072BFE1007FEECB /* HackwichEightUITests.swift in Sources */ = {isa = PBXBuildFile; fileRef = 7F802DDD2072BFE1007FEECB /* HackwichEightUITests.swift */; };
/* End PBXBuildFile section */

/* Begin PBXContainerItemProxy section */
		7F802DCF2072BFE0007FEECB /* PBXContainerItemProxy */ = {
			isa = PBXContainerItemProxy;
			containerPortal = 7F802DB22072BFE0007FEECB /* Project object */;
			proxyType = 1;
			remoteGlobalIDString = 7F802DB92072BFE0007FEECB;
			remoteInfo = HackwichEight;
		};
		7F802DDA2072BFE1007FEECB /* PBXContainerItemProxy */ = {
			isa = PBXContainerItemProxy;
			containerPortal = 7F802DB22072BFE0007FEECB /* Project object */;
			proxyType = 1;
			remoteGlobalIDString = 7F802DB92072BFE0007FEECB;
			remoteInfo = HackwichEight;
		};
/* End PBXContainerItemProxy section */

/* Begin PBXFileReference section */
		7F802DBA2072BFE0007FEECB /* HackwichEight.app */ = {isa = PBXFileReference; explicitFileType = wrapper.application; includeInIndex = 0; path = HackwichEight.app; sourceTree = BUILT_PRODUCTS_DIR; };
		7F802DBD2072BFE0007FEECB /* AppDelegate.swift */ = {isa = PBXFileReference; lastKnownFileType = sourcecode.swift; path = AppDelegate.swift; sourceTree = "<group>"; };
		7F802DBF2072BFE0007FEECB /* ViewController.swift */ = {isa = PBXFileReference; lastKnownFileType = sourcecode.swift; path = ViewController.swift; sourceTree = "<group>"; };
		7F802DC22072BFE0007FEECB /* Base */ = {isa = PBXFileReference; lastKnownFileType = file.storyboard; name = Base; path = Base.lproj/Main.storyboard; sourceTree = "<group>"; };
		7F802DC42072BFE0007FEECB /* Assets.xcassets */ = {isa = PBXFileReference; lastKnownFileType = folder.assetcatalog; path = Assets.xcassets; sourceTree = "<group>"; };
		7F802DC72072BFE0007FEECB /* Base */ = {isa = PBXFileReference; lastKnownFileType = file.storyboard; name = Base; path = Base.lproj/LaunchScreen.storyboard; sourceTree = "<group>"; };
		7F802DC92072BFE0007FEECB /* Info.plist */ = {isa = PBXFileReference; lastKnownFileType = text.plist.xml; path = Info.plist; sourceTree = "<group>"; };
		7F802DCE2072BFE0007FEECB /* HackwichEightTests.xctest */ = {isa = PBXFileReference; explicitFileType = wrapper.cfbundle; includeInIndex = 0; path = HackwichEightTests.xctest; sourceTree = BUILT_PRODUCTS_DIR; };
		7F802DD22072BFE0007FEECB /* HackwichEightTests.swift */ = {isa = PBXFileReference; lastKnownFileType = sourcecode.swift; path = HackwichEightTests.swift; sourceTree = "<group>"; };
		7F802DD42072BFE0007FEECB /* Info.plist */ = {isa = PBXFileReference; lastKnownFileType = text.plist.xml; path = Info.plist; sourceTree = "<group>"; };
		7F802DD92072BFE1007FEECB /* HackwichEightUITests.xctest */ = {isa = PBXFileReference; explicitFileType = wrapper.cfbundle; includeInIndex = 0; path = HackwichEightUITests.xctest; sourceTree = BUILT_PRODUCTS_DIR; };
		7F802DDD2072BFE1007FEECB /* HackwichEightUITests.swift */ = {isa = PBXFileReference; lastKnownFileType = sourcecode.swift; path = HackwichEightUITests.swift; sourceTree = "<group>"; };
		7F802DDF2072BFE1007FEECB /* Info.plist */ = {isa = PBXFileReference; lastKnownFileType = text.plist.xml; path = Info.plist; sourceTree = "<group>"; };
/* End PBXFileReference section */

/* Begin PBXFrameworksBuildPhase section */
		7F802DB72072BFE0007FEECB /* Frameworks */ = {
			isa = PBXFrameworksBuildPhase;
			buildActionMask = 2147483647;
			files = (
			);
			runOnlyForDeploymentPostprocessing = 0;
		};
		7F802DCB2072BFE0007FEECB /* Frameworks */ = {
			isa = PBXFrameworksBuildPhase;
			buildActionMask = 2147483647;
			files = (
			);
			runOnlyForDeploymentPostprocessing = 0;
		};
		7F802DD62072BFE1007FEECB /* Frameworks */ = {
			isa = PBXFrameworksBuildPhase;
			buildActionMask = 2147483647;
			files = (
			);
			runOnlyForDeploymentPostprocessing = 0;
		};
/* End PBXFrameworksBuildPhase section */

/* Begin PBXGroup section */
		7F802DB12072BFE0007FEECB = {
			isa = PBXGroup;
			children = (
				7F802DBC2072BFE0007FEECB /* HackwichEight */,
				7F802DD12072BFE0007FEECB /* HackwichEightTests */,
				7F802DDC2072BFE1007FEECB /* HackwichEightUITests */,
				7F802DBB2072BFE0007FEECB /* Products */,
			);
			sourceTree = "<group>";
		};
		7F802DBB2072BFE0007FEECB /* Products */ = {
			isa = PBXGroup;
			children = (
				7F802DBA2072BFE0007FEECB /* HackwichEight.app */,
				7F802DCE2072BFE0007FEECB /* HackwichEightTests.xctest */,
				7F802DD92072BFE1007FEECB /* HackwichEightUITests.xctest */,
			);
			name = Products;
			sourceTree = "<group>";
		};
		7F802DBC2072BFE0007FEECB /* HackwichEight */ = {
			isa = PBXGroup;
			children = (
				7F802DBD2072BFE0007FEECB /* AppDelegate.swift */,
				7F802DBF2072BFE0007FEECB /* ViewController.swift */,
				7F802DC12072BFE0007FEECB /* Main.storyboard */,
				7F802DC42072BFE0007FEECB /* Assets.xcassets */,
				7F802DC62072BFE0007FEECB /* LaunchScreen.storyboard */,
				7F802DC92072BFE0007FEECB /* Info.plist */,
			);
			path = HackwichEight;
			sourceTree = "<group>";
		};
		7F802DD12072BFE0007FEECB /* HackwichEightTests */ = {
			isa = PBXGroup;
			children = (
				7F802DD22072BFE0007FEECB /* HackwichEightTests.swift */,
				7F802DD42072BFE0007FEECB /* Info.plist */,
			);
			path = HackwichEightTests;
			sourceTree = "<group>";
		};
		7F802DDC2072BFE1007FEECB /* HackwichEightUITests */ = {
			isa = PBXGroup;
			children = (
				7F802DDD2072BFE1007FEECB /* HackwichEightUITests.swift */,
				7F802DDF2072BFE1007FEECB /* Info.plist */,
			);
			path = HackwichEightUITests;
			sourceTree = "<group>";
		};
/* End PBXGroup section */

/* Begin PBXNativeTarget section */
		7F802DB92072BFE0007FEECB /* HackwichEight */ = {
			isa = PBXNativeTarget;
			buildConfigurationList = 7F802DE22072BFE1007FEECB /* Build configuration list for PBXNativeTarget "HackwichEight" */;
			buildPhases = (
				7F802DB62072BFE0007FEECB /* Sources */,
				7F802DB72072BFE0007FEECB /* Frameworks */,
				7F802DB82072BFE0007FEECB /* Resources */,
			);
			buildRules = (
			);
			dependencies = (
			);
			name = HackwichEight;
			productName = HackwichEight;
			productReference = 7F802DBA2072BFE0007FEECB /* HackwichEight.app */;
			productType = "com.apple.product-type.application";
		};
		7F802DCD2072BFE0007FEECB /* HackwichEightTests */ = {
			isa = PBXNativeTarget;
			buildConfigurationList = 7F802DE52072BFE1007FEECB /* Build configuration list for PBXNativeTarget "HackwichEightTests" */;
			buildPhases = (
				7F802DCA2072BFE0007FEECB /* Sources */,
				7F802DCB2072BFE0007FEECB /* Frameworks */,
				7F802DCC2072BFE0007FEECB /* Resources */,
			);
			buildRules = (
			);
			dependencies = (
				7F802DD02072BFE0007FEECB /* PBXTargetDependency */,
			);
			name = HackwichEightTests;
			productName = HackwichEightTests;
			productReference = 7F802DCE2072BFE0007FEECB /* HackwichEightTests.xctest */;
			productType = "com.apple.product-type.bundle.unit-test";
		};
		7F802DD82072BFE1007FEECB /* HackwichEightUITests */ = {
			isa = PBXNativeTarget;
			buildConfigurationList = 7F802DE82072BFE1007FEECB /* Build configuration list for PBXNativeTarget "HackwichEightUITests" */;
			buildPhases = (
				7F802DD52072BFE1007FEECB /* Sources */,
				7F802DD62072BFE1007FEECB /* Frameworks */,
				7F802DD72072BFE1007FEECB /* Resources */,
			);
			buildRules = (
			);
			dependencies = (
				7F802DDB2072BFE1007FEECB /* PBXTargetDependency */,
			);
			name = HackwichEightUITests;
			productName = HackwichEightUITests;
			productReference = 7F802DD92072BFE1007FEECB /* HackwichEightUITests.xctest */;
			productType = "com.apple.product-type.bundle.ui-testing";
		};
/* End PBXNativeTarget section */

/* Begin PBXProject section */
		7F802DB22072BFE0007FEECB /* Project object */ = {
			isa = PBXProject;
			attributes = {
				LastSwiftUpdateCheck = 0920;
				LastUpgradeCheck = 0920;
				ORGANIZATIONNAME = "CM Student";
				TargetAttributes = {
					7F802DB92072BFE0007FEECB = {
						CreatedOnToolsVersion = 9.2;
						ProvisioningStyle = Automatic;
					};
					7F802DCD2072BFE0007FEECB = {
						CreatedOnToolsVersion = 9.2;
						ProvisioningStyle = Automatic;
						TestTargetID = 7F802DB92072BFE0007FEECB;
					};
					7F802DD82072BFE1007FEECB = {
						CreatedOnToolsVersion = 9.2;
						ProvisioningStyle = Automatic;
						TestTargetID = 7F802DB92072BFE0007FEECB;
					};
				};
			};
			buildConfigurationList = 7F802DB52072BFE0007FEECB /* Build configuration list for PBXProject "HackwichEight" */;
			compatibilityVersion = "Xcode 8.0";
			developmentRegion = en;
			hasScannedForEncodings = 0;
			knownRegions = (
				en,
				Base,
			);
			mainGroup = 7F802DB12072BFE0007FEECB;
			productRefGroup = 7F802DBB2072BFE0007FEECB /* Products */;
			projectDirPath = "";
			projectRoot = "";
			targets = (
				7F802DB92072BFE0007FEECB /* HackwichEight */,
				7F802DCD2072BFE0007FEECB /* HackwichEightTests */,
				7F802DD82072BFE1007FEECB /* HackwichEightUITests */,
			);
		};
/* End PBXProject section */

/* Begin PBXResourcesBuildPhase section */
		7F802DB82072BFE0007FEECB /* Resources */ = {
			isa = PBXResourcesBuildPhase;
			buildActionMask = 2147483647;
			files = (
				7F802DC82072BFE0007FEECB /* LaunchScreen.storyboard in Resources */,
				7F802DC52072BFE0007FEECB /* Assets.xcassets in Resources */,
				7F802DC32072BFE0007FEECB /* Main.storyboard in Resources */,
			);
			runOnlyForDeploymentPostprocessing = 0;
		};
		7F802DCC2072BFE0007FEECB /* Resources */ = {
			isa = PBXResourcesBuildPhase;
			buildActionMask = 2147483647;
			files = (
			);
			runOnlyForDeploymentPostprocessing = 0;
		};
		7F802DD72072BFE1007FEECB /* Resources */ = {
			isa = PBXResourcesBuildPhase;
			buildActionMask = 2147483647;
			files = (
			);
			runOnlyForDeploymentPostprocessing = 0;
		};
/* End PBXResourcesBuildPhase section */

/* Begin PBXSourcesBuildPhase section */
		7F802DB62072BFE0007FEECB /* Sources */ = {
			isa = PBXSourcesBuildPhase;
			buildActionMask = 2147483647;
			files = (
				7F802DC02072BFE0007FEECB /* ViewController.swift in Sources */,
				7F802DBE2072BFE0007FEECB /* AppDelegate.swift in Sources */,
			);
			runOnlyForDeploymentPostprocessing = 0;
		};
		7F802DCA2072BFE0007FEECB /* Sources */ = {
			isa = PBXSourcesBuildPhase;
			buildActionMask = 2147483647;
			files = (
				7F802DD32072BFE0007FEECB /* HackwichEightTests.swift in Sources */,
			);
			runOnlyForDeploymentPostprocessing = 0;
		};
		7F802DD52072BFE1007FEECB /* Sources */ = {
			isa = PBXSourcesBuildPhase;
			buildActionMask = 2147483647;
			files = (
				7F802DDE2072BFE1007FEECB /* HackwichEightUITests.swift in Sources */,
			);
			runOnlyForDeploymentPostprocessing = 0;
		};
/* End PBXSourcesBuildPhase section */

/* Begin PBXTargetDependency section */
		7F802DD02072BFE0007FEECB /* PBXTargetDependency */ = {
			isa = PBXTargetDependency;
			target = 7F802DB92072BFE0007FEECB /* HackwichEight */;
			targetProxy = 7F802DCF2072BFE0007FEECB /* PBXContainerItemProxy */;
		};
		7F802DDB2072BFE1007FEECB /* PBXTargetDependency */ = {
			isa = PBXTargetDependency;
			target = 7F802DB92072BFE0007FEECB /* HackwichEight */;
			targetProxy = 7F802DDA2072BFE1007FEECB /* PBXContainerItemProxy */;
		};
/* End PBXTargetDependency section */

/* Begin PBXVariantGroup section */
		7F802DC12072BFE0007FEECB /* Main.storyboard */ = {
			isa = PBXVariantGroup;
			children = (
				7F802DC22072BFE0007FEECB /* Base */,
			);
			name = Main.storyboard;
			sourceTree = "<group>";
		};
		7F802DC62072BFE0007FEECB /* LaunchScreen.storyboard */ = {
			isa = PBXVariantGroup;
			children = (
				7F802DC72072BFE0007FEECB /* Base */,
			);
			name = LaunchScreen.storyboard;
			sourceTree = "<group>";
		};
/* End PBXVariantGroup section */

/* Begin XCBuildConfiguration section */
		7F802DE02072BFE1007FEECB /* Debug */ = {
			isa = XCBuildConfiguration;
			buildSettings = {
				ALWAYS_SEARCH_USER_PATHS = NO;
				CLANG_ANALYZER_NONNULL = YES;
				CLANG_ANALYZER_NUMBER_OBJECT_CONVERSION = YES_AGGRESSIVE;
				CLANG_CXX_LANGUAGE_STANDARD = "gnu++14";
				CLANG_CXX_LIBRARY = "libc++";
				CLANG_ENABLE_MODULES = YES;
				CLANG_ENABLE_OBJC_ARC = YES;
				CLANG_WARN_BLOCK_CAPTURE_AUTORELEASING = YES;
				CLANG_WARN_BOOL_CONVERSION = YES;
				CLANG_WARN_COMMA = YES;
				CLANG_WARN_CONSTANT_CONVERSION = YES;
				CLANG_WARN_DIRECT_OBJC_ISA_USAGE = YES_ERROR;
				CLANG_WARN_DOCUMENTATION_COMMENTS = YES;
				CLANG_WARN_EMPTY_BODY = YES;
				CLANG_WARN_ENUM_CONVERSION = YES;
				CLANG_WARN_INFINITE_RECURSION = YES;
				CLANG_WARN_INT_CONVERSION = YES;
				CLANG_WARN_NON_LITERAL_NULL_CONVERSION = YES;
				CLANG_WARN_OBJC_LITERAL_CONVERSION = YES;
				CLANG_WARN_OBJC_ROOT_CLASS = YES_ERROR;
				CLANG_WARN_RANGE_LOOP_ANALYSIS = YES;
				CLANG_WARN_STRICT_PROTOTYPES = YES;
				CLANG_WARN_SUSPICIOUS_MOVE = YES;
				CLANG_WARN_UNGUARDED_AVAILABILITY = YES_AGGRESSIVE;
				CLANG_WARN_UNREACHABLE_CODE = YES;
				CLANG_WARN__DUPLICATE_METHOD_MATCH = YES;
				CODE_SIGN_IDENTITY = "iPhone Developer";
				COPY_PHASE_STRIP = NO;
				DEBUG_INFORMATION_FORMAT = dwarf;
				ENABLE_STRICT_OBJC_MSGSEND = YES;
				ENABLE_TESTABILITY = YES;
				GCC_C_LANGUAGE_STANDARD = gnu11;
				GCC_DYNAMIC_NO_PIC = NO;
				GCC_NO_COMMON_BLOCKS = YES;
				GCC_OPTIMIZATION_LEVEL = 0;
				GCC_PREPROCESSOR_DEFINITIONS = (
					"DEBUG=1",
					"$(inherited)",
				);
				GCC_WARN_64_TO_32_BIT_CONVERSION = YES;
				GCC_WARN_ABOUT_RETURN_TYPE = YES_ERROR;
				GCC_WARN_UNDECLARED_SELECTOR = YES;
				GCC_WARN_UNINITIALIZED_AUTOS = YES_AGGRESSIVE;
				GCC_WARN_UNUSED_FUNCTION = YES;
				GCC_WARN_UNUSED_VARIABLE = YES;
				IPHONEOS_DEPLOYMENT_TARGET = 11.2;
				MTL_ENABLE_DEBUG_INFO = YES;
				ONLY_ACTIVE_ARCH = YES;
				SDKROOT = iphoneos;
				SWIFT_ACTIVE_COMPILATION_CONDITIONS = DEBUG;
				SWIFT_OPTIMIZATION_LEVEL = "-Onone";
			};
			name = Debug;
		};
		7F802DE12072BFE1007FEECB /* Release */ = {
			isa = XCBuildConfiguration;
			buildSettings = {
				ALWAYS_SEARCH_USER_PATHS = NO;
				CLANG_ANALYZER_NONNULL = YES;
				CLANG_ANALYZER_NUMBER_OBJECT_CONVERSION = YES_AGGRESSIVE;
				CLANG_CXX_LANGUAGE_STANDARD = "gnu++14";
				CLANG_CXX_LIBRARY = "libc++";
				CLANG_ENABLE_MODULES = YES;
				CLANG_ENABLE_OBJC_ARC = YES;
				CLANG_WARN_BLOCK_CAPTURE_AUTORELEASING = YES;
				CLANG_WARN_BOOL_CONVERSION = YES;
				CLANG_WARN_COMMA = YES;
				CLANG_WARN_CONSTANT_CONVERSION = YES;
				CLANG_WARN_DIRECT_OBJC_ISA_USAGE = YES_ERROR;
				CLANG_WARN_DOCUMENTATION_COMMENTS = YES;
				CLANG_WARN_EMPTY_BODY = YES;
				CLANG_WARN_ENUM_CONVERSION = YES;
				CLANG_WARN_INFINITE_RECURSION = YES;
				CLANG_WARN_INT_CONVERSION = YES;
				CLANG_WARN_NON_LITERAL_NULL_CONVERSION = YES;
				CLANG_WARN_OBJC_LITERAL_CONVERSION = YES;
				CLANG_WARN_OBJC_ROOT_CLASS = YES_ERROR;
				CLANG_WARN_RANGE_LOOP_ANALYSIS = YES;
				CLANG_WARN_STRICT_PROTOTYPES = YES;
				CLANG_WARN_SUSPICIOUS_MOVE = YES;
				CLANG_WARN_UNGUARDED_AVAILABILITY = YES_AGGRESSIVE;
				CLANG_WARN_UNREACHABLE_CODE = YES;
				CLANG_WARN__DUPLICATE_METHOD_MATCH = YES;
				CODE_SIGN_IDENTITY = "iPhone Developer";
				COPY_PHASE_STRIP = NO;
				DEBUG_INFORMATION_FORMAT = "dwarf-with-dsym";
				ENABLE_NS_ASSERTIONS = NO;
				ENABLE_STRICT_OBJC_MSGSEND = YES;
				GCC_C_LANGUAGE_STANDARD = gnu11;
				GCC_NO_COMMON_BLOCKS = YES;
				GCC_WARN_64_TO_32_BIT_CONVERSION = YES;
				GCC_WARN_ABOUT_RETURN_TYPE = YES_ERROR;
				GCC_WARN_UNDECLARED_SELECTOR = YES;
				GCC_WARN_UNINITIALIZED_AUTOS = YES_AGGRESSIVE;
				GCC_WARN_UNUSED_FUNCTION = YES;
				GCC_WARN_UNUSED_VARIABLE = YES;
				IPHONEOS_DEPLOYMENT_TARGET = 11.2;
				MTL_ENABLE_DEBUG_INFO = NO;
				SDKROOT = iphoneos;
				SWIFT_OPTIMIZATION_LEVEL = "-Owholemodule";
				VALIDATE_PRODUCT = YES;
			};
			name = Release;
		};
		7F802DE32072BFE1007FEECB /* Debug */ = {
			isa = XCBuildConfiguration;
			buildSettings = {
				ASSETCATALOG_COMPILER_APPICON_NAME = AppIcon;
				CODE_SIGN_STYLE = Automatic;
				INFOPLIST_FILE = HackwichEight/Info.plist;
				LD_RUNPATH_SEARCH_PATHS = "$(inherited) @executable_path/Frameworks";
				PRODUCT_BUNDLE_IDENTIFIER = UHWO.HackwichEight;
				PRODUCT_NAME = "$(TARGET_NAME)";
				SWIFT_VERSION = 4.0;
				TARGETED_DEVICE_FAMILY = "1,2";
			};
			name = Debug;
		};
		7F802DE42072BFE1007FEECB /* Release */ = {
			isa = XCBuildConfiguration;
			buildSettings = {
				ASSETCATALOG_COMPILER_APPICON_NAME = AppIcon;
				CODE_SIGN_STYLE = Automatic;
				INFOPLIST_FILE = HackwichEight/Info.plist;
				LD_RUNPATH_SEARCH_PATHS = "$(inherited) @executable_path/Frameworks";
				PRODUCT_BUNDLE_IDENTIFIER = UHWO.HackwichEight;
				PRODUCT_NAME = "$(TARGET_NAME)";
				SWIFT_VERSION = 4.0;
				TARGETED_DEVICE_FAMILY = "1,2";
			};
			name = Release;
		};
		7F802DE62072BFE1007FEECB /* Debug */ = {
			isa = XCBuildConfiguration;
			buildSettings = {
				ALWAYS_EMBED_SWIFT_STANDARD_LIBRARIES = YES;
				BUNDLE_LOADER = "$(TEST_HOST)";
				CODE_SIGN_STYLE = Automatic;
				INFOPLIST_FILE = HackwichEightTests/Info.plist;
				LD_RUNPATH_SEARCH_PATHS = "$(inherited) @executable_path/Frameworks @loader_path/Frameworks";
				PRODUCT_BUNDLE_IDENTIFIER = UHWO.HackwichEightTests;
				PRODUCT_NAME = "$(TARGET_NAME)";
				SWIFT_VERSION = 4.0;
				TARGETED_DEVICE_FAMILY = "1,2";
				TEST_HOST = "$(BUILT_PRODUCTS_DIR)/HackwichEight.app/HackwichEight";
			};
			name = Debug;
		};
		7F802DE72072BFE1007FEECB /* Release */ = {
			isa = XCBuildConfiguration;
			buildSettings = {
				ALWAYS_EMBED_SWIFT_STANDARD_LIBRARIES = YES;
				BUNDLE_LOADER = "$(TEST_HOST)";
				CODE_SIGN_STYLE = Automatic;
				INFOPLIST_FILE = HackwichEightTests/Info.plist;
				LD_RUNPATH_SEARCH_PATHS = "$(inherited) @executable_path/Frameworks @loader_path/Frameworks";
				PRODUCT_BUNDLE_IDENTIFIER = UHWO.HackwichEightTests;
				PRODUCT_NAME = "$(TARGET_NAME)";
				SWIFT_VERSION = 4.0;
				TARGETED_DEVICE_FAMILY = "1,2";
				TEST_HOST = "$(BUILT_PRODUCTS_DIR)/HackwichEight.app/HackwichEight";
			};
			name = Release;
		};
		7F802DE92072BFE1007FEECB /* Debug */ = {
			isa = XCBuildConfiguration;
			buildSettings = {
				ALWAYS_EMBED_SWIFT_STANDARD_LIBRARIES = YES;
				CODE_SIGN_STYLE = Automatic;
				INFOPLIST_FILE = HackwichEightUITests/Info.plist;
				LD_RUNPATH_SEARCH_PATHS = "$(inherited) @executable_path/Frameworks @loader_path/Frameworks";
				PRODUCT_BUNDLE_IDENTIFIER = UHWO.HackwichEightUITests;
				PRODUCT_NAME = "$(TARGET_NAME)";
				SWIFT_VERSION = 4.0;
				TARGETED_DEVICE_FAMILY = "1,2";
				TEST_TARGET_NAME = HackwichEight;
			};
			name = Debug;
		};
		7F802DEA2072BFE1007FEECB /* Release */ = {
			isa = XCBuildConfiguration;
			buildSettings = {
				ALWAYS_EMBED_SWIFT_STANDARD_LIBRARIES = YES;
				CODE_SIGN_STYLE = Automatic;
				INFOPLIST_FILE = HackwichEightUITests/Info.plist;
				LD_RUNPATH_SEARCH_PATHS = "$(inherited) @executable_path/Frameworks @loader_path/Frameworks";
				PRODUCT_BUNDLE_IDENTIFIER = UHWO.HackwichEightUITests;
				PRODUCT_NAME = "$(TARGET_NAME)";
				SWIFT_VERSION = 4.0;
				TARGETED_DEVICE_FAMILY = "1,2";
				TEST_TARGET_NAME = HackwichEight;
			};
			name = Release;
		};
/* End XCBuildConfiguration section */

/* Begin XCConfigurationList section */
		7F802DB52072BFE0007FEECB /* Build configuration list for PBXProject "HackwichEight" */ = {
			isa = XCConfigurationList;
			buildConfigurations = (
				7F802DE02072BFE1007FEECB /* Debug */,
				7F802DE12072BFE1007FEECB /* Release */,
			);
			defaultConfigurationIsVisible = 0;
			defaultConfigurationName = Release;
		};
		7F802DE22072BFE1007FEECB /* Build configuration list for PBXNativeTarget "HackwichEight" */ = {
			isa = XCConfigurationList;
			buildConfigurations = (
				7F802DE32072BFE1007FEECB /* Debug */,
				7F802DE42072BFE1007FEECB /* Release */,
			);
			defaultConfigurationIsVisible = 0;
			defaultConfigurationName = Release;
		};
		7F802DE52072BFE1007FEECB /* Build configuration list for PBXNativeTarget "HackwichEightTests" */ = {
			isa = XCConfigurationList;
			buildConfigurations = (
				7F802DE62072BFE1007FEECB /* Debug */,
				7F802DE72072BFE1007FEECB /* Release */,
			);
			defaultConfigurationIsVisible = 0;
			defaultConfigurationName = Release;
		};
		7F802DE82072BFE1007FEECB /* Build configuration list for PBXNativeTarget "HackwichEightUITests" */ = {
			isa = XCConfigurationList;
			buildConfigurations = (
				7F802DE92072BFE1007FEECB /* Debug */,
				7F802DEA2072BFE1007FEECB /* Release */,
			);
			defaultConfigurationIsVisible = 0;
			defaultConfigurationName = Release;
		};
/* End XCConfigurationList section */
	};
	rootObject = 7F802DB22072BFE0007FEECB /* Project object */;
}
